<?xml version="1.0" encoding="utf-8"?>
<Project ToolsVersion="4.0" xmlns="http://schemas.microsoft.com/developer/msbuild/2003">
  <ItemGroup>
    <ClCompile Include="Source\shader.cpp">
      <Filter>Source Files</Filter>
    </ClCompile>
    <ClCompile Include="Source\General\Application.cpp">
      <Filter>Source Files\General</Filter>
    </ClCompile>
    <ClCompile Include="Source\GameObject\GameObject.cpp">
      <Filter>Source Files\GameObject</Filter>
    </ClCompile>
    <ClCompile Include="Source\Scene\Zone 1\SceneSP3.cpp">
      <Filter>Source Files\Scene\Zone 1</Filter>
    </ClCompile>
    <ClCompile Include="Source\Graphics\LoadOBJ\LoadOBJ.cpp">
      <Filter>Source Files\Graphics\LoadOBJ</Filter>
    </ClCompile>
    <ClCompile Include="Source\Graphics\LoadOBJ\LoadTGA.cpp">
      <Filter>Source Files\Graphics\LoadOBJ</Filter>
    </ClCompile>
    <ClCompile Include="Source\Graphics\Mesh\Mesh.cpp">
      <Filter>Source Files\Graphics\Mesh</Filter>
    </ClCompile>
    <ClCompile Include="Source\Graphics\Mesh\MeshBuilder.cpp">
      <Filter>Source Files\Graphics\Mesh</Filter>
    </ClCompile>
    <ClCompile Include="Source\Graphics\Lighting\DepthFBO.cpp">
      <Filter>Source Files\Graphics\Lighting</Filter>
    </ClCompile>
    <ClCompile Include="Source\Graphics\Vertex\Utility.cpp">
      <Filter>Source Files\Graphics\Vertex</Filter>
    </ClCompile>
    <ClCompile Include="Source\Graphics\Mesh\LoadHmap.cpp">
      <Filter>Source Files\Graphics\Mesh</Filter>
    </ClCompile>
    <ClCompile Include="Source\Graphics\ParticleManager\Particle.cpp">
      <Filter>Source Files\Graphics\ParticleManager</Filter>
    </ClCompile>
    <ClCompile Include="Source\Graphics\GraphicsLoader\GraphicsLoader.cpp">
      <Filter>Source Files\Graphics\GraphicsLoader</Filter>
    </ClCompile>
    <ClCompile Include="Source\General\SharedData.cpp">
      <Filter>Source Files\General</Filter>
    </ClCompile>
    <ClCompile Include="Source\Scene\Scene.cpp">
      <Filter>Source Files\Scene</Filter>
    </ClCompile>
    <ClCompile Include="Source\General\Camera.cpp">
      <Filter>Source Files\General</Filter>
    </ClCompile>
    <ClCompile Include="Source\GameObject\Player.cpp">
      <Filter>Source Files\GameObject</Filter>
    </ClCompile>
    <ClCompile Include="Source\Audio\Sound.cpp">
      <Filter>Source Files\Audio</Filter>
    </ClCompile>
    <ClCompile Include="Source\General\SceneManager.cpp">
      <Filter>Source Files\General</Filter>
    </ClCompile>
    <ClCompile Include="Source\main.cpp">
      <Filter>Source Files</Filter>
    </ClCompile>
  </ItemGroup>
  <ItemGroup>
    <ClInclude Include="Source\shader.hpp">
      <Filter>Header Files</Filter>
    </ClInclude>
    <ClInclude Include="Source\General\Application.h">
      <Filter>Header Files\General</Filter>
    </ClInclude>
    <ClInclude Include="Source\General\CheckMemoryLeak.h">
      <Filter>Header Files\General</Filter>
    </ClInclude>
    <ClInclude Include="Source\General\SceneManager.h">
      <Filter>Header Files\General</Filter>
    </ClInclude>
    <ClInclude Include="Source\GameObject\GameObject.h">
      <Filter>Header Files\GameObject</Filter>
    </ClInclude>
    <ClInclude Include="Source\Scene\Scene.h">
      <Filter>Header Files\Scene</Filter>
    </ClInclude>
    <ClInclude Include="Source\Scene\Zone 1\SceneSP3.h">
      <Filter>Header Files\Scene\Zone 1</Filter>
    </ClInclude>
    <ClInclude Include="Source\Graphics\LoadOBJ\LoadOBJ.h">
      <Filter>Header Files\Graphics\LoadOBJ</Filter>
    </ClInclude>
    <ClInclude Include="Source\Graphics\LoadOBJ\LoadTGA.h">
      <Filter>Header Files\Graphics\LoadOBJ</Filter>
    </ClInclude>
    <ClInclude Include="Source\Graphics\Mesh\Material.h">
      <Filter>Header Files\Graphics\Mesh</Filter>
    </ClInclude>
    <ClInclude Include="Source\Graphics\Mesh\Mesh.h">
      <Filter>Header Files\Graphics\Mesh</Filter>
    </ClInclude>
    <ClInclude Include="Source\Graphics\Mesh\MeshBuilder.h">
      <Filter>Header Files\Graphics\Mesh</Filter>
    </ClInclude>
    <ClInclude Include="Source\Graphics\Lighting\Light.h">
      <Filter>Header Files\Graphics\Lighting</Filter>
    </ClInclude>
    <ClInclude Include="Source\Graphics\Lighting\DepthFBO.h">
      <Filter>Header Files\Graphics\Lighting</Filter>
    </ClInclude>
    <ClInclude Include="Source\Graphics\Vertex\Utility.h">
      <Filter>Header Files\Graphics\Vertex</Filter>
    </ClInclude>
    <ClInclude Include="Source\Graphics\Vertex\Vertex.h">
      <Filter>Header Files\Graphics\Vertex</Filter>
    </ClInclude>
    <ClInclude Include="Source\Graphics\Mesh\LoadHmap.h">
      <Filter>Header Files\Graphics\Mesh</Filter>
    </ClInclude>
    <ClInclude Include="Source\Graphics\ParticleManager\Particle.h">
      <Filter>Header Files\Graphics\ParticleManager</Filter>
    </ClInclude>
    <ClInclude Include="Source\Graphics\GraphicsLoader\GraphicsLoader.h">
      <Filter>Header Files\Graphics\GraphicsLoader</Filter>
    </ClInclude>
    <ClInclude Include="Source\GameObject\Player.h">
      <Filter>Header Files\GameObject</Filter>
    </ClInclude>
    <ClInclude Include="Source\General\SharedData.h">
      <Filter>Header Files\General</Filter>
    </ClInclude>
    <ClInclude Include="Source\General\Camera.h">
      <Filter>Header Files\General</Filter>
    </ClInclude>
    <ClInclude Include="Source\Audio\Sound.h">
      <Filter>Header Files\Audio</Filter>
    </ClInclude>
  </ItemGroup>
  <ItemGroup>
    <Filter Include="Header Files">
      <UniqueIdentifier>{d9afacbf-533e-4058-99ff-bcb3d7942931}</UniqueIdentifier>
    </Filter>
    <Filter Include="Source Files">
      <UniqueIdentifier>{08c6d739-c905-4185-8a1a-b4b5d5fa4689}</UniqueIdentifier>
    </Filter>
    <Filter Include="Header Files\General">
      <UniqueIdentifier>{ad516cd8-274d-483c-97ef-e3a9ae8f0cbd}</UniqueIdentifier>
    </Filter>
    <Filter Include="Source Files\General">
      <UniqueIdentifier>{747f0ce8-3aa8-475b-9ea0-af6331fda1a3}</UniqueIdentifier>
    </Filter>
    <Filter Include="Header Files\Graphics">
      <UniqueIdentifier>{413ef7c0-d197-45ff-88f6-8d2a2e4e51b2}</UniqueIdentifier>
    </Filter>
    <Filter Include="Source Files\Graphics">
      <UniqueIdentifier>{bdb2cc77-8803-41b7-a350-850ab7261c35}</UniqueIdentifier>
    </Filter>
    <Filter Include="Header Files\Scene">
      <UniqueIdentifier>{bd67a017-358b-4fd5-b26f-73839f6c9b1a}</UniqueIdentifier>
    </Filter>
    <Filter Include="Source Files\Scene">
      <UniqueIdentifier>{ad95482c-3860-469b-ad09-3351ec958f92}</UniqueIdentifier>
    </Filter>
    <Filter Include="Header Files\GameObject">
      <UniqueIdentifier>{02891d46-b8dd-4216-829c-82d0b7513290}</UniqueIdentifier>
    </Filter>
    <Filter Include="Source Files\GameObject">
      <UniqueIdentifier>{775b1d0d-8b58-46e7-af22-474f1987eb55}</UniqueIdentifier>
    </Filter>
    <Filter Include="Source Files\Audio">
      <UniqueIdentifier>{ca6a8735-c379-46bb-b3f3-05cc95314646}</UniqueIdentifier>
    </Filter>
    <Filter Include="Header Files\Audio">
      <UniqueIdentifier>{5a6fe7a8-0e9b-4ee5-bf5e-52b5e81ff107}</UniqueIdentifier>
    </Filter>
    <Filter Include="Header Files\Scene\Zone 1">
      <UniqueIdentifier>{0c2f527f-7c2e-4407-aae6-764f312c0129}</UniqueIdentifier>
    </Filter>
    <Filter Include="Header Files\Scene\Main Menu">
      <UniqueIdentifier>{f592ca9d-0c22-4939-8b11-804375ee8726}</UniqueIdentifier>
    </Filter>
    <Filter Include="Source Files\Scene\Zone 1">
      <UniqueIdentifier>{48d78fb2-9329-413c-81fa-1e4219dd272a}</UniqueIdentifier>
    </Filter>
    <Filter Include="Source Files\Scene\Main Menu">
      <UniqueIdentifier>{fddd7501-f021-4f5f-bf93-b9851cddfd83}</UniqueIdentifier>
    </Filter>
    <Filter Include="Header Files\Graphics\LoadOBJ">
      <UniqueIdentifier>{b12418af-4a3d-4295-977f-6ef039ac9254}</UniqueIdentifier>
    </Filter>
    <Filter Include="Header Files\Graphics\Mesh">
      <UniqueIdentifier>{e05018f5-1f14-4874-b817-b9e602020075}</UniqueIdentifier>
    </Filter>
    <Filter Include="Source Files\Graphics\LoadOBJ">
      <UniqueIdentifier>{b7433c4d-95c8-4c3f-9edb-315244f83f6d}</UniqueIdentifier>
    </Filter>
    <Filter Include="Source Files\Graphics\Mesh">
      <UniqueIdentifier>{00bca1e0-435e-4dd4-9bb0-0789ae310a34}</UniqueIdentifier>
    </Filter>
    <Filter Include="Header Files\Graphics\Lighting">
      <UniqueIdentifier>{7e674dc1-664f-452b-8378-f7465c3e5c57}</UniqueIdentifier>
    </Filter>
    <Filter Include="Source Files\Graphics\Lighting">
      <UniqueIdentifier>{d0ff932d-36c6-4539-8b87-8e5c0a33f213}</UniqueIdentifier>
    </Filter>
    <Filter Include="Header Files\Graphics\Vertex">
      <UniqueIdentifier>{2ca7be54-9705-440d-98d1-0fd225c03440}</UniqueIdentifier>
    </Filter>
    <Filter Include="Source Files\Graphics\Vertex">
      <UniqueIdentifier>{923881ed-45df-4d89-b127-b42d1f598b1e}</UniqueIdentifier>
    </Filter>
    <Filter Include="Header Files\Graphics\ParticleManager">
      <UniqueIdentifier>{1bdf09a4-7032-4df6-bb94-c7fbbf2e764a}</UniqueIdentifier>
    </Filter>
    <Filter Include="Source Files\Graphics\ParticleManager">
      <UniqueIdentifier>{a93eb776-bc1e-413b-9e4b-4f20d0c6c9a2}</UniqueIdentifier>
    </Filter>
    <Filter Include="Header Files\Graphics\GraphicsLoader">
      <UniqueIdentifier>{99ee80f9-d11f-447e-80fc-afb8501cc9fa}</UniqueIdentifier>
    </Filter>
    <Filter Include="Source Files\Graphics\GraphicsLoader">
      <UniqueIdentifier>{94efe636-95ad-4984-be55-edbe14f81ffb}</UniqueIdentifier>
    </Filter>
  </ItemGroup>
</Project>